
Microsoft Visual Studio Solution File, Format Version 12.00
# Visual Studio Version 17
VisualStudioVersion = 17.0.32112.339
MinimumVisualStudioVersion = 10.0.40219.1
Project("{8BC9CEB8-8B4A-11D0-8D11-00A0C91BC942}") = "Prime Number", "Prime Number\Prime Number.vcxproj", "{64795283-3F7C-4C92-AFA1-3E26340CE954}"
EndProject
Global
	GlobalSection(SolutionConfigurationPlatforms) = preSolution
		Debug|x64 = Debug|x64
		Debug|x86 = Debug|x86
		Release|x64 = Release|x64
		Release|x86 = Release|x86
	EndGlobalSection
	GlobalSection(ProjectConfigurationPlatforms) = postSolution
		{64795283-3F7C-4C92-AFA1-3E26340CE954}.Debug|x64.ActiveCfg = Debug|x64
		{64795283-3F7C-4C92-AFA1-3E26340CE954}.Debug|x64.Build.0 = Debug|x64
		{64795283-3F7C-4C92-AFA1-3E26340CE954}.Debug|x86.ActiveCfg = Debug|Win32
		{64795283-3F7C-4C92-AFA1-3E26340CE954}.Debug|x86.Build.0 = Debug|Win32
		{64795283-3F7C-4C92-AFA1-3E26340CE954}.Release|x64.ActiveCfg = Release|x64
		{64795283-3F7C-4C92-AFA1-3E26340CE954}.Release|x64.Build.0 = Release|x64
		{64795283-3F7C-4C92-AFA1-3E26340CE954}.Release|x86.ActiveCfg = Release|Win32
		{64795283-3F7C-4C92-AFA1-3E26340CE954}.Release|x86.Build.0 = Release|Win32
	EndGlobalSection
	GlobalSection(SolutionProperties) = preSolution
		HideSolutionNode = FALSE
	EndGlobalSection
	GlobalSection(ExtensibilityGlobals) = postSolution
		SolutionGuid = {4EC741CB-92AF-4377-BB72-8FCD98DD7C49}
	EndGlobalSection
EndGlobal
