
Microsoft Visual Studio Solution File, Format Version 12.00
# Visual Studio Version 17
VisualStudioVersion = 17.0.32112.339
MinimumVisualStudioVersion = 10.0.40219.1
Project("{8BC9CEB8-8B4A-11D0-8D11-00A0C91BC942}") = "Even or Odd", "Even or Odd\Even or Odd.vcxproj", "{60BE58F1-291B-4050-ACFC-D24CFAFF5DB5}"
EndProject
Global
	GlobalSection(SolutionConfigurationPlatforms) = preSolution
		Debug|x64 = Debug|x64
		Debug|x86 = Debug|x86
		Release|x64 = Release|x64
		Release|x86 = Release|x86
	EndGlobalSection
	GlobalSection(ProjectConfigurationPlatforms) = postSolution
		{60BE58F1-291B-4050-ACFC-D24CFAFF5DB5}.Debug|x64.ActiveCfg = Debug|x64
		{60BE58F1-291B-4050-ACFC-D24CFAFF5DB5}.Debug|x64.Build.0 = Debug|x64
		{60BE58F1-291B-4050-ACFC-D24CFAFF5DB5}.Debug|x86.ActiveCfg = Debug|Win32
		{60BE58F1-291B-4050-ACFC-D24CFAFF5DB5}.Debug|x86.Build.0 = Debug|Win32
		{60BE58F1-291B-4050-ACFC-D24CFAFF5DB5}.Release|x64.ActiveCfg = Release|x64
		{60BE58F1-291B-4050-ACFC-D24CFAFF5DB5}.Release|x64.Build.0 = Release|x64
		{60BE58F1-291B-4050-ACFC-D24CFAFF5DB5}.Release|x86.ActiveCfg = Release|Win32
		{60BE58F1-291B-4050-ACFC-D24CFAFF5DB5}.Release|x86.Build.0 = Release|Win32
	EndGlobalSection
	GlobalSection(SolutionProperties) = preSolution
		HideSolutionNode = FALSE
	EndGlobalSection
	GlobalSection(ExtensibilityGlobals) = postSolution
		SolutionGuid = {7B87E247-E48E-4410-89A9-233B77A2339B}
	EndGlobalSection
EndGlobal
