
Microsoft Visual Studio Solution File, Format Version 12.00
# Visual Studio Version 17
VisualStudioVersion = 17.4.33110.190
MinimumVisualStudioVersion = 10.0.40219.1
Project("{8BC9CEB8-8B4A-11D0-8D11-00A0C91BC942}") = "Call by Reference", "Call by Reference\Call by Reference.vcxproj", "{BEB98F61-9F63-464A-B994-2FE02C8C1BDE}"
EndProject
Global
	GlobalSection(SolutionConfigurationPlatforms) = preSolution
		Debug|x64 = Debug|x64
		Debug|x86 = Debug|x86
		Release|x64 = Release|x64
		Release|x86 = Release|x86
	EndGlobalSection
	GlobalSection(ProjectConfigurationPlatforms) = postSolution
		{BEB98F61-9F63-464A-B994-2FE02C8C1BDE}.Debug|x64.ActiveCfg = Debug|x64
		{BEB98F61-9F63-464A-B994-2FE02C8C1BDE}.Debug|x64.Build.0 = Debug|x64
		{BEB98F61-9F63-464A-B994-2FE02C8C1BDE}.Debug|x86.ActiveCfg = Debug|Win32
		{BEB98F61-9F63-464A-B994-2FE02C8C1BDE}.Debug|x86.Build.0 = Debug|Win32
		{BEB98F61-9F63-464A-B994-2FE02C8C1BDE}.Release|x64.ActiveCfg = Release|x64
		{BEB98F61-9F63-464A-B994-2FE02C8C1BDE}.Release|x64.Build.0 = Release|x64
		{BEB98F61-9F63-464A-B994-2FE02C8C1BDE}.Release|x86.ActiveCfg = Release|Win32
		{BEB98F61-9F63-464A-B994-2FE02C8C1BDE}.Release|x86.Build.0 = Release|Win32
	EndGlobalSection
	GlobalSection(SolutionProperties) = preSolution
		HideSolutionNode = FALSE
	EndGlobalSection
	GlobalSection(ExtensibilityGlobals) = postSolution
		SolutionGuid = {9BE47955-7A95-4E25-9D44-1957BC3F8978}
	EndGlobalSection
EndGlobal
